
Microsoft Visual Studio Solution File, Format Version 12.00
# Visual Studio Version 17
VisualStudioVersion = 17.10.35013.160
MinimumVisualStudioVersion = 10.0.40219.1
Project("{FAE04EC0-301F-11D3-BF4B-00C04F79EFBC}") = "TaskManager", "TaskManager.csproj", "{DE5FDD85-F45E-4608-A094-41AAABBD31A0}"
EndProject
Global
	GlobalSection(SolutionConfigurationPlatforms) = preSolution
		Debug|Any CPU = Debug|Any CPU
		Release|Any CPU = Release|Any CPU
	EndGlobalSection
	GlobalSection(ProjectConfigurationPlatforms) = postSolution
		{DE5FDD85-F45E-4608-A094-41AAABBD31A0}.Debug|Any CPU.ActiveCfg = Debug|Any CPU
		{DE5FDD85-F45E-4608-A094-41AAABBD31A0}.Debug|Any CPU.Build.0 = Debug|Any CPU
		{DE5FDD85-F45E-4608-A094-41AAABBD31A0}.Debug|Any CPU.Deploy.0 = Debug|Any CPU
		{DE5FDD85-F45E-4608-A094-41AAABBD31A0}.Release|Any CPU.ActiveCfg = Release|Any CPU
		{DE5FDD85-F45E-4608-A094-41AAABBD31A0}.Release|Any CPU.Build.0 = Release|Any CPU
		{DE5FDD85-F45E-4608-A094-41AAABBD31A0}.Release|Any CPU.Deploy.0 = Release|Any CPU
	EndGlobalSection
	GlobalSection(SolutionProperties) = preSolution
		HideSolutionNode = FALSE
	EndGlobalSection
	GlobalSection(ExtensibilityGlobals) = postSolution
		SolutionGuid = {C55C3978-21D0-4F44-9F9F-63309E10104E}
	EndGlobalSection
EndGlobal
